// !$*UTF8*$!
{
	archiveVersion = 1;
	classes = {
	};
	objectVersion = 50;
	objects = {

/* Begin PBXBuildFile section */
		050036D026E8070700143CE6 /* GraphResult.swift in Sources */ = {isa = PBXBuildFile; fileRef = 050036CF26E8070700143CE6 /* GraphResult.swift */; };
		055FD8AC26E218BB0034048C /* Repository.swift in Sources */ = {isa = PBXBuildFile; fileRef = 05A5D84126E2105500C9888C /* Repository.swift */; };
		055FD8AF26E21CB30034048C /* Error.swift in Sources */ = {isa = PBXBuildFile; fileRef = 055FD8AE26E21CB30034048C /* Error.swift */; };
		055FD8B126E21F160034048C /* Branch.swift in Sources */ = {isa = PBXBuildFile; fileRef = 055FD8B026E21F160034048C /* Branch.swift */; };
		055FD8B326E221BC0034048C /* Remote.swift in Sources */ = {isa = PBXBuildFile; fileRef = 055FD8B226E221BC0034048C /* Remote.swift */; };
		0580507926E2D70B00845F70 /* Commit.swift in Sources */ = {isa = PBXBuildFile; fileRef = 0580507826E2D70B00845F70 /* Commit.swift */; };
		0580507B26E2D84800845F70 /* Either.swift in Sources */ = {isa = PBXBuildFile; fileRef = 0580507A26E2D84800845F70 /* Either.swift */; };
		0580508226E3BCDC00845F70 /* Signature.swift in Sources */ = {isa = PBXBuildFile; fileRef = 0580508126E3BCDC00845F70 /* Signature.swift */; };
		0580509A26E4167B00845F70 /* Credentials.h in Headers */ = {isa = PBXBuildFile; fileRef = 0580509826E4167B00845F70 /* Credentials.h */; settings = {ATTRIBUTES = (Public, ); }; };
		0580509B26E4167B00845F70 /* Credentials.m in Sources */ = {isa = PBXBuildFile; fileRef = 0580509926E4167B00845F70 /* Credentials.m */; };
		058050A026E4184A00845F70 /* GitKit.h in Headers */ = {isa = PBXBuildFile; fileRef = 0580509F26E417E000845F70 /* GitKit.h */; settings = {ATTRIBUTES = (Public, ); }; };
		058050A326E41CF800845F70 /* Security.framework in Frameworks */ = {isa = PBXBuildFile; fileRef = 058050A226E41CF800845F70 /* Security.framework */; };
		0580AA4426E63FA900845F70 /* git2 in Headers */ = {isa = PBXBuildFile; fileRef = 0580AA4226E63F8E00845F70 /* git2 */; };
		0580AA4526E63FAC00845F70 /* git2.h in Headers */ = {isa = PBXBuildFile; fileRef = 058050AF26E63E2F00845F70 /* git2.h */; };
		0580AA8926E6BFCF00845F70 /* openssl in Headers */ = {isa = PBXBuildFile; fileRef = 0580AA8126E6BEE700845F70 /* openssl */; };
		0580AA8A26E6BFDE00845F70 /* libssh2_publickey.h in Headers */ = {isa = PBXBuildFile; fileRef = 0580AA8326E6BFAD00845F70 /* libssh2_publickey.h */; };
		0580AA8B26E6BFDE00845F70 /* libssh2_sftp.h in Headers */ = {isa = PBXBuildFile; fileRef = 0580AA8426E6BFAD00845F70 /* libssh2_sftp.h */; };
		0580AA8C26E6BFDE00845F70 /* libssh2.h in Headers */ = {isa = PBXBuildFile; fileRef = 0580AA8226E6BFAD00845F70 /* libssh2.h */; };
/* End PBXBuildFile section */

/* Begin PBXFileReference section */
		050036CF26E8070700143CE6 /* GraphResult.swift */ = {isa = PBXFileReference; lastKnownFileType = sourcecode.swift; path = GraphResult.swift; sourceTree = "<group>"; };
		055FD8A426E218B50034048C /* GitKit.framework */ = {isa = PBXFileReference; explicitFileType = wrapper.framework; includeInIndex = 0; path = GitKit.framework; sourceTree = BUILT_PRODUCTS_DIR; };
		055FD8A726E218B50034048C /* Info.plist */ = {isa = PBXFileReference; lastKnownFileType = text.plist.xml; path = Info.plist; sourceTree = "<group>"; };
		055FD8AE26E21CB30034048C /* Error.swift */ = {isa = PBXFileReference; lastKnownFileType = sourcecode.swift; path = Error.swift; sourceTree = "<group>"; };
		055FD8B026E21F160034048C /* Branch.swift */ = {isa = PBXFileReference; lastKnownFileType = sourcecode.swift; path = Branch.swift; sourceTree = "<group>"; };
		055FD8B226E221BC0034048C /* Remote.swift */ = {isa = PBXFileReference; lastKnownFileType = sourcecode.swift; path = Remote.swift; sourceTree = "<group>"; };
		0580507826E2D70B00845F70 /* Commit.swift */ = {isa = PBXFileReference; lastKnownFileType = sourcecode.swift; path = Commit.swift; sourceTree = "<group>"; };
		0580507A26E2D84800845F70 /* Either.swift */ = {isa = PBXFileReference; fileEncoding = 4; lastKnownFileType = sourcecode.swift; path = Either.swift; sourceTree = "<group>"; };
		0580508126E3BCDC00845F70 /* Signature.swift */ = {isa = PBXFileReference; lastKnownFileType = sourcecode.swift; path = Signature.swift; sourceTree = "<group>"; };
		0580509826E4167B00845F70 /* Credentials.h */ = {isa = PBXFileReference; lastKnownFileType = sourcecode.c.h; path = Credentials.h; sourceTree = "<group>"; };
		0580509926E4167B00845F70 /* Credentials.m */ = {isa = PBXFileReference; lastKnownFileType = sourcecode.c.objc; path = Credentials.m; sourceTree = "<group>"; };
		0580509F26E417E000845F70 /* GitKit.h */ = {isa = PBXFileReference; lastKnownFileType = sourcecode.c.h; path = GitKit.h; sourceTree = "<group>"; };
		058050A226E41CF800845F70 /* Security.framework */ = {isa = PBXFileReference; lastKnownFileType = wrapper.framework; name = Security.framework; path = System/Library/Frameworks/Security.framework; sourceTree = SDKROOT; };
		058050AD26E63E2F00845F70 /* Makefile */ = {isa = PBXFileReference; lastKnownFileType = sourcecode.make; path = Makefile; sourceTree = "<group>"; };
		058050AF26E63E2F00845F70 /* git2.h */ = {isa = PBXFileReference; lastKnownFileType = sourcecode.c.h; path = git2.h; sourceTree = "<group>"; };
		0580891726E63E6800845F70 /* libgit2.a */ = {isa = PBXFileReference; lastKnownFileType = archive.ar; path = libgit2.a; sourceTree = "<group>"; };
		05808B2226E63E6A00845F70 /* module.modulemap */ = {isa = PBXFileReference; lastKnownFileType = "sourcecode.module-map"; path = module.modulemap; sourceTree = "<group>"; };
		05808B2426E63E6A00845F70 /* Makefile */ = {isa = PBXFileReference; lastKnownFileType = sourcecode.make; path = Makefile; sourceTree = "<group>"; };
		0580A43926E63E8800845F70 /* libcrypto.a */ = {isa = PBXFileReference; lastKnownFileType = archive.ar; path = libcrypto.a; sourceTree = "<group>"; };
		0580A43A26E63E8800845F70 /* libdecrepit.a */ = {isa = PBXFileReference; lastKnownFileType = archive.ar; path = libdecrepit.a; sourceTree = "<group>"; };
		0580A43B26E63E8800845F70 /* libssl.a */ = {isa = PBXFileReference; lastKnownFileType = archive.ar; path = libssl.a; sourceTree = "<group>"; };
		0580AA4226E63F8E00845F70 /* git2 */ = {isa = PBXFileReference; lastKnownFileType = folder; path = git2; sourceTree = "<group>"; };
		0580AA4326E63F9800845F70 /* openssl */ = {isa = PBXFileReference; lastKnownFileType = folder; path = openssl; sourceTree = "<group>"; };
		0580AA4A26E6434A00845F70 /* Makefile */ = {isa = PBXFileReference; lastKnownFileType = sourcecode.make; path = Makefile; sourceTree = "<group>"; };
		0580AA7926E6B38A00845F70 /* Makefile */ = {isa = PBXFileReference; lastKnownFileType = sourcecode.make; path = Makefile; sourceTree = "<group>"; };
		0580AA7F26E6BEDE00845F70 /* libssl.a */ = {isa = PBXFileReference; lastKnownFileType = archive.ar; path = libssl.a; sourceTree = "<group>"; };
		0580AA8026E6BEDE00845F70 /* libcrypto.a */ = {isa = PBXFileReference; lastKnownFileType = archive.ar; path = libcrypto.a; sourceTree = "<group>"; };
		0580AA8126E6BEE700845F70 /* openssl */ = {isa = PBXFileReference; lastKnownFileType = folder; path = openssl; sourceTree = "<group>"; };
		0580AA8226E6BFAD00845F70 /* libssh2.h */ = {isa = PBXFileReference; fileEncoding = 4; lastKnownFileType = sourcecode.c.h; path = libssh2.h; sourceTree = "<group>"; };
		0580AA8326E6BFAD00845F70 /* libssh2_publickey.h */ = {isa = PBXFileReference; fileEncoding = 4; lastKnownFileType = sourcecode.c.h; path = libssh2_publickey.h; sourceTree = "<group>"; };
		0580AA8426E6BFAD00845F70 /* libssh2_sftp.h */ = {isa = PBXFileReference; fileEncoding = 4; lastKnownFileType = sourcecode.c.h; path = libssh2_sftp.h; sourceTree = "<group>"; };
		0580AA8826E6BFBE00845F70 /* libssh2.a */ = {isa = PBXFileReference; lastKnownFileType = archive.ar; path = libssh2.a; sourceTree = "<group>"; };
		05A5D73C26E20BEB00C9888C /* Release - ccache.xcconfig */ = {isa = PBXFileReference; lastKnownFileType = text.xcconfig; path = "Release - ccache.xcconfig"; sourceTree = "<group>"; };
		05A5D73D26E20BEB00C9888C /* Common.xcconfig */ = {isa = PBXFileReference; lastKnownFileType = text.xcconfig; path = Common.xcconfig; sourceTree = "<group>"; };
		05A5D73E26E20BEB00C9888C /* Debug - ccache.xcconfig */ = {isa = PBXFileReference; lastKnownFileType = text.xcconfig; path = "Debug - ccache.xcconfig"; sourceTree = "<group>"; };
		05A5D73F26E20BEB00C9888C /* Debug.xcconfig */ = {isa = PBXFileReference; lastKnownFileType = text.xcconfig; path = Debug.xcconfig; sourceTree = "<group>"; };
		05A5D74026E20BEB00C9888C /* Release.xcconfig */ = {isa = PBXFileReference; lastKnownFileType = text.xcconfig; path = Release.xcconfig; sourceTree = "<group>"; };
		05A5D74126E20BEB00C9888C /* README.md */ = {isa = PBXFileReference; lastKnownFileType = net.daringfireball.markdown; path = README.md; sourceTree = "<group>"; };
		05A5D74226E20BEB00C9888C /* Release - Library.xcconfig */ = {isa = PBXFileReference; lastKnownFileType = text.xcconfig; path = "Release - Library.xcconfig"; sourceTree = "<group>"; };
		05A5D74426E20BEB00C9888C /* Signing.xcconfig */ = {isa = PBXFileReference; lastKnownFileType = text.xcconfig; path = Signing.xcconfig; sourceTree = "<group>"; };
		05A5D74526E20BEB00C9888C /* Architectures.xcconfig */ = {isa = PBXFileReference; lastKnownFileType = text.xcconfig; path = Architectures.xcconfig; sourceTree = "<group>"; };
		05A5D74726E20BEB00C9888C /* Issues.xcconfig */ = {isa = PBXFileReference; lastKnownFileType = text.xcconfig; path = Issues.xcconfig; sourceTree = "<group>"; };
		05A5D74926E20BEB00C9888C /* Apple-APIs.xcconfig */ = {isa = PBXFileReference; lastKnownFileType = text.xcconfig; path = "Apple-APIs.xcconfig"; sourceTree = "<group>"; };
		05A5D74A26E20BEB00C9888C /* Generic-Issues.xcconfig */ = {isa = PBXFileReference; lastKnownFileType = text.xcconfig; path = "Generic-Issues.xcconfig"; sourceTree = "<group>"; };
		05A5D74B26E20BEB00C9888C /* Security.xcconfig */ = {isa = PBXFileReference; lastKnownFileType = text.xcconfig; path = Security.xcconfig; sourceTree = "<group>"; };
		05A5D74C26E20BEB00C9888C /* Objective-C.xcconfig */ = {isa = PBXFileReference; lastKnownFileType = text.xcconfig; path = "Objective-C.xcconfig"; sourceTree = "<group>"; };
		05A5D74D26E20BEB00C9888C /* Analysis-Policy.xcconfig */ = {isa = PBXFileReference; lastKnownFileType = text.xcconfig; path = "Analysis-Policy.xcconfig"; sourceTree = "<group>"; };
		05A5D74E26E20BEB00C9888C /* Deployment.xcconfig */ = {isa = PBXFileReference; lastKnownFileType = text.xcconfig; path = Deployment.xcconfig; sourceTree = "<group>"; };
		05A5D74F26E20BEB00C9888C /* Build-Options.xcconfig */ = {isa = PBXFileReference; lastKnownFileType = text.xcconfig; path = "Build-Options.xcconfig"; sourceTree = "<group>"; };
		05A5D75026E20BEB00C9888C /* Swift-Compiler.xcconfig */ = {isa = PBXFileReference; lastKnownFileType = text.xcconfig; path = "Swift-Compiler.xcconfig"; sourceTree = "<group>"; };
		05A5D75126E20BEB00C9888C /* Static-Analyzer.xcconfig */ = {isa = PBXFileReference; lastKnownFileType = text.xcconfig; path = "Static-Analyzer.xcconfig"; sourceTree = "<group>"; };
		05A5D75326E20BEB00C9888C /* Warnings-Policies.xcconfig */ = {isa = PBXFileReference; lastKnownFileType = text.xcconfig; path = "Warnings-Policies.xcconfig"; sourceTree = "<group>"; };
		05A5D75426E20BEB00C9888C /* Code-Generation.xcconfig */ = {isa = PBXFileReference; lastKnownFileType = text.xcconfig; path = "Code-Generation.xcconfig"; sourceTree = "<group>"; };
		05A5D75526E20BEB00C9888C /* Language.xcconfig */ = {isa = PBXFileReference; lastKnownFileType = text.xcconfig; path = Language.xcconfig; sourceTree = "<group>"; };
		05A5D75626E20BEB00C9888C /* General.xcconfig */ = {isa = PBXFileReference; lastKnownFileType = text.xcconfig; path = General.xcconfig; sourceTree = "<group>"; };
		05A5D75726E20BEB00C9888C /* Search-Paths.xcconfig */ = {isa = PBXFileReference; lastKnownFileType = text.xcconfig; path = "Search-Paths.xcconfig"; sourceTree = "<group>"; };
		05A5D75826E20BEB00C9888C /* Apple-LLVM.xcconfig */ = {isa = PBXFileReference; lastKnownFileType = text.xcconfig; path = "Apple-LLVM.xcconfig"; sourceTree = "<group>"; };
		05A5D75B26E20BEB00C9888C /* Modules.xcconfig */ = {isa = PBXFileReference; lastKnownFileType = text.xcconfig; path = Modules.xcconfig; sourceTree = "<group>"; };
		05A5D75C26E20BEB00C9888C /* Objective-C.xcconfig */ = {isa = PBXFileReference; lastKnownFileType = text.xcconfig; path = "Objective-C.xcconfig"; sourceTree = "<group>"; };
		05A5D75D26E20BEB00C9888C /* C++.xcconfig */ = {isa = PBXFileReference; lastKnownFileType = text.xcconfig; path = "C++.xcconfig"; sourceTree = "<group>"; };
		05A5D75E26E20BEB00C9888C /* Code-Generation.xcconfig */ = {isa = PBXFileReference; lastKnownFileType = text.xcconfig; path = "Code-Generation.xcconfig"; sourceTree = "<group>"; };
		05A5D75F26E20BEB00C9888C /* Address-Sanitizer.xcconfig */ = {isa = PBXFileReference; lastKnownFileType = text.xcconfig; path = "Address-Sanitizer.xcconfig"; sourceTree = "<group>"; };
		05A5D76026E20BEB00C9888C /* Language.xcconfig */ = {isa = PBXFileReference; lastKnownFileType = text.xcconfig; path = Language.xcconfig; sourceTree = "<group>"; };
		05A5D76126E20BEB00C9888C /* Warnings.xcconfig */ = {isa = PBXFileReference; lastKnownFileType = text.xcconfig; path = Warnings.xcconfig; sourceTree = "<group>"; };
		05A5D76226E20BEB00C9888C /* Undefined-Behavior-Sanitizer.xcconfig */ = {isa = PBXFileReference; lastKnownFileType = text.xcconfig; path = "Undefined-Behavior-Sanitizer.xcconfig"; sourceTree = "<group>"; };
		05A5D76326E20BEB00C9888C /* Warning-Policies.xcconfig */ = {isa = PBXFileReference; lastKnownFileType = text.xcconfig; path = "Warning-Policies.xcconfig"; sourceTree = "<group>"; };
		05A5D76526E20BEB00C9888C /* Objective-C-ARC.xcconfig */ = {isa = PBXFileReference; lastKnownFileType = text.xcconfig; path = "Objective-C-ARC.xcconfig"; sourceTree = "<group>"; };
		05A5D76626E20BEB00C9888C /* Objective-C.xcconfig */ = {isa = PBXFileReference; lastKnownFileType = text.xcconfig; path = "Objective-C.xcconfig"; sourceTree = "<group>"; };
		05A5D76726E20BEB00C9888C /* C++.xcconfig */ = {isa = PBXFileReference; lastKnownFileType = text.xcconfig; path = "C++.xcconfig"; sourceTree = "<group>"; };
		05A5D76826E20BEB00C9888C /* All-Languages.xcconfig */ = {isa = PBXFileReference; lastKnownFileType = text.xcconfig; path = "All-Languages.xcconfig"; sourceTree = "<group>"; };
		05A5D76926E20BEB00C9888C /* Preprocessing.xcconfig */ = {isa = PBXFileReference; lastKnownFileType = text.xcconfig; path = Preprocessing.xcconfig; sourceTree = "<group>"; };
		05A5D76A26E20BEB00C9888C /* Debug - Library.xcconfig */ = {isa = PBXFileReference; lastKnownFileType = text.xcconfig; path = "Debug - Library.xcconfig"; sourceTree = "<group>"; };
		05A5D76B26E20BEB00C9888C /* .gitignore */ = {isa = PBXFileReference; lastKnownFileType = text; path = .gitignore; sourceTree = "<group>"; };
		05A5D76D26E20BEB00C9888C /* ccache-config.sh */ = {isa = PBXFileReference; lastKnownFileType = text.script.sh; path = "ccache-config.sh"; sourceTree = "<group>"; };
		05A5D76E26E20BEB00C9888C /* ccache.sh */ = {isa = PBXFileReference; lastKnownFileType = text.script.sh; path = ccache.sh; sourceTree = "<group>"; };
		05A5D76F26E20BEB00C9888C /* Debug - zld.xcconfig */ = {isa = PBXFileReference; lastKnownFileType = text.xcconfig; path = "Debug - zld.xcconfig"; sourceTree = "<group>"; };
		05A5D84126E2105500C9888C /* Repository.swift */ = {isa = PBXFileReference; fileEncoding = 4; lastKnownFileType = sourcecode.swift; path = Repository.swift; sourceTree = "<group>"; };
/* End PBXFileReference section */

/* Begin PBXFrameworksBuildPhase section */
		055FD8A126E218B50034048C /* Frameworks */ = {
			isa = PBXFrameworksBuildPhase;
			buildActionMask = 2147483647;
			files = (
				058050A326E41CF800845F70 /* Security.framework in Frameworks */,
			);
			runOnlyForDeploymentPostprocessing = 0;
		};
/* End PBXFrameworksBuildPhase section */

/* Begin PBXGroup section */
		055FD8A526E218B50034048C /* GitKit */ = {
			isa = PBXGroup;
			children = (
				055FD8AD26E218DA0034048C /* Classes */,
				055FD8A726E218B50034048C /* Info.plist */,
			);
			path = GitKit;
			sourceTree = "<group>";
		};
		055FD8AD26E218DA0034048C /* Classes */ = {
			isa = PBXGroup;
			children = (
				0580507A26E2D84800845F70 /* Either.swift */,
				05A5D84126E2105500C9888C /* Repository.swift */,
				0580507826E2D70B00845F70 /* Commit.swift */,
				055FD8B026E21F160034048C /* Branch.swift */,
				055FD8B226E221BC0034048C /* Remote.swift */,
				055FD8AE26E21CB30034048C /* Error.swift */,
				0580508126E3BCDC00845F70 /* Signature.swift */,
				050036CF26E8070700143CE6 /* GraphResult.swift */,
				0580509F26E417E000845F70 /* GitKit.h */,
				0580509826E4167B00845F70 /* Credentials.h */,
				0580509926E4167B00845F70 /* Credentials.m */,
			);
			path = Classes;
			sourceTree = "<group>";
		};
		058050A126E41CF800845F70 /* Frameworks */ = {
			isa = PBXGroup;
			children = (
				058050A226E41CF800845F70 /* Security.framework */,
			);
			name = Frameworks;
			sourceTree = "<group>";
		};
		058050AB26E63E2F00845F70 /* Third-Party */ = {
			isa = PBXGroup;
			children = (
				0580AA7826E6B38A00845F70 /* openssl */,
				0580AA4926E6434A00845F70 /* libssh2 */,
				058050AC26E63E2F00845F70 /* libgit2 */,
				05808B2326E63E6A00845F70 /* boringssl */,
			);
			path = "Third-Party";
			sourceTree = "<group>";
		};
		058050AC26E63E2F00845F70 /* libgit2 */ = {
			isa = PBXGroup;
			children = (
				058050AD26E63E2F00845F70 /* Makefile */,
				058050AE26E63E2F00845F70 /* include */,
				0580891626E63E6800845F70 /* lib */,
				05808B2226E63E6A00845F70 /* module.modulemap */,
			);
			path = libgit2;
			sourceTree = "<group>";
		};
		058050AE26E63E2F00845F70 /* include */ = {
			isa = PBXGroup;
			children = (
				0580AA4226E63F8E00845F70 /* git2 */,
				058050AF26E63E2F00845F70 /* git2.h */,
			);
			path = include;
			sourceTree = "<group>";
		};
		0580891626E63E6800845F70 /* lib */ = {
			isa = PBXGroup;
			children = (
				0580891726E63E6800845F70 /* libgit2.a */,
			);
			path = lib;
			sourceTree = "<group>";
		};
		05808B2326E63E6A00845F70 /* boringssl */ = {
			isa = PBXGroup;
			children = (
				05808B2426E63E6A00845F70 /* Makefile */,
				05808B2526E63E6A00845F70 /* include */,
				0580A43826E63E8800845F70 /* lib */,
			);
			path = boringssl;
			sourceTree = "<group>";
		};
		05808B2526E63E6A00845F70 /* include */ = {
			isa = PBXGroup;
			children = (
				0580AA4326E63F9800845F70 /* openssl */,
			);
			path = include;
			sourceTree = "<group>";
		};
		0580A43826E63E8800845F70 /* lib */ = {
			isa = PBXGroup;
			children = (
				0580A43926E63E8800845F70 /* libcrypto.a */,
				0580A43A26E63E8800845F70 /* libdecrepit.a */,
				0580A43B26E63E8800845F70 /* libssl.a */,
			);
			path = lib;
			sourceTree = "<group>";
		};
		0580AA4926E6434A00845F70 /* libssh2 */ = {
			isa = PBXGroup;
			children = (
				0580AA4A26E6434A00845F70 /* Makefile */,
				0580AA4B26E6434A00845F70 /* include */,
				0580AA4E26E6434A00845F70 /* lib */,
			);
			path = libssh2;
			sourceTree = "<group>";
		};
		0580AA4B26E6434A00845F70 /* include */ = {
			isa = PBXGroup;
			children = (
				0580AA8326E6BFAD00845F70 /* libssh2_publickey.h */,
				0580AA8426E6BFAD00845F70 /* libssh2_sftp.h */,
				0580AA8226E6BFAD00845F70 /* libssh2.h */,
			);
			path = include;
			sourceTree = "<group>";
		};
		0580AA4E26E6434A00845F70 /* lib */ = {
			isa = PBXGroup;
			children = (
				0580AA8826E6BFBE00845F70 /* libssh2.a */,
			);
			path = lib;
			sourceTree = "<group>";
		};
		0580AA7826E6B38A00845F70 /* openssl */ = {
			isa = PBXGroup;
			children = (
				0580AA7926E6B38A00845F70 /* Makefile */,
				0580AA7A26E6B38A00845F70 /* include */,
				0580AA7C26E6B38A00845F70 /* lib */,
			);
			path = openssl;
			sourceTree = "<group>";
		};
		0580AA7A26E6B38A00845F70 /* include */ = {
			isa = PBXGroup;
			children = (
				0580AA8126E6BEE700845F70 /* openssl */,
			);
			path = include;
			sourceTree = "<group>";
		};
		0580AA7C26E6B38A00845F70 /* lib */ = {
			isa = PBXGroup;
			children = (
				0580AA8026E6BEDE00845F70 /* libcrypto.a */,
				0580AA7F26E6BEDE00845F70 /* libssl.a */,
			);
			path = lib;
			sourceTree = "<group>";
		};
		05A5D72226E20B9900C9888C = {
			isa = PBXGroup;
			children = (
				058050AB26E63E2F00845F70 /* Third-Party */,
				05A5D73B26E20BEB00C9888C /* xcconfig */,
				055FD8A526E218B50034048C /* GitKit */,
				05A5D72C26E20B9900C9888C /* Products */,
				058050A126E41CF800845F70 /* Frameworks */,
			);
			sourceTree = "<group>";
		};
		05A5D72C26E20B9900C9888C /* Products */ = {
			isa = PBXGroup;
			children = (
				055FD8A426E218B50034048C /* GitKit.framework */,
			);
			name = Products;
			sourceTree = "<group>";
		};
		05A5D73B26E20BEB00C9888C /* xcconfig */ = {
			isa = PBXGroup;
			children = (
				05A5D73C26E20BEB00C9888C /* Release - ccache.xcconfig */,
				05A5D73D26E20BEB00C9888C /* Common.xcconfig */,
				05A5D73E26E20BEB00C9888C /* Debug - ccache.xcconfig */,
				05A5D73F26E20BEB00C9888C /* Debug.xcconfig */,
				05A5D74026E20BEB00C9888C /* Release.xcconfig */,
				05A5D74126E20BEB00C9888C /* README.md */,
				05A5D74226E20BEB00C9888C /* Release - Library.xcconfig */,
				05A5D74326E20BEB00C9888C /* Common */,
				05A5D76A26E20BEB00C9888C /* Debug - Library.xcconfig */,
				05A5D76B26E20BEB00C9888C /* .gitignore */,
				05A5D76C26E20BEB00C9888C /* Scripts */,
				05A5D76F26E20BEB00C9888C /* Debug - zld.xcconfig */,
			);
			name = xcconfig;
			path = Submodules/xcconfig;
			sourceTree = "<group>";
		};
		05A5D74326E20BEB00C9888C /* Common */ = {
			isa = PBXGroup;
			children = (
				05A5D74426E20BEB00C9888C /* Signing.xcconfig */,
				05A5D74526E20BEB00C9888C /* Architectures.xcconfig */,
				05A5D74626E20BEB00C9888C /* Static-Analyzer */,
				05A5D74E26E20BEB00C9888C /* Deployment.xcconfig */,
				05A5D74F26E20BEB00C9888C /* Build-Options.xcconfig */,
				05A5D75026E20BEB00C9888C /* Swift-Compiler.xcconfig */,
				05A5D75126E20BEB00C9888C /* Static-Analyzer.xcconfig */,
				05A5D75226E20BEB00C9888C /* Swift-Compiler */,
				05A5D75726E20BEB00C9888C /* Search-Paths.xcconfig */,
				05A5D75826E20BEB00C9888C /* Apple-LLVM.xcconfig */,
				05A5D75926E20BEB00C9888C /* Apple-LLVM */,
			);
			path = Common;
			sourceTree = "<group>";
		};
		05A5D74626E20BEB00C9888C /* Static-Analyzer */ = {
			isa = PBXGroup;
			children = (
				05A5D74726E20BEB00C9888C /* Issues.xcconfig */,
				05A5D74826E20BEB00C9888C /* Issues */,
			);
			path = "Static-Analyzer";
			sourceTree = "<group>";
		};
		05A5D74826E20BEB00C9888C /* Issues */ = {
			isa = PBXGroup;
			children = (
				05A5D74926E20BEB00C9888C /* Apple-APIs.xcconfig */,
				05A5D74A26E20BEB00C9888C /* Generic-Issues.xcconfig */,
				05A5D74B26E20BEB00C9888C /* Security.xcconfig */,
				05A5D74C26E20BEB00C9888C /* Objective-C.xcconfig */,
				05A5D74D26E20BEB00C9888C /* Analysis-Policy.xcconfig */,
			);
			path = Issues;
			sourceTree = "<group>";
		};
		05A5D75226E20BEB00C9888C /* Swift-Compiler */ = {
			isa = PBXGroup;
			children = (
				05A5D75326E20BEB00C9888C /* Warnings-Policies.xcconfig */,
				05A5D75426E20BEB00C9888C /* Code-Generation.xcconfig */,
				05A5D75526E20BEB00C9888C /* Language.xcconfig */,
				05A5D75626E20BEB00C9888C /* General.xcconfig */,
			);
			path = "Swift-Compiler";
			sourceTree = "<group>";
		};
		05A5D75926E20BEB00C9888C /* Apple-LLVM */ = {
			isa = PBXGroup;
			children = (
				05A5D75A26E20BEB00C9888C /* Language */,
				05A5D75E26E20BEB00C9888C /* Code-Generation.xcconfig */,
				05A5D75F26E20BEB00C9888C /* Address-Sanitizer.xcconfig */,
				05A5D76026E20BEB00C9888C /* Language.xcconfig */,
				05A5D76126E20BEB00C9888C /* Warnings.xcconfig */,
				05A5D76226E20BEB00C9888C /* Undefined-Behavior-Sanitizer.xcconfig */,
				05A5D76326E20BEB00C9888C /* Warning-Policies.xcconfig */,
				05A5D76426E20BEB00C9888C /* Warnings */,
				05A5D76926E20BEB00C9888C /* Preprocessing.xcconfig */,
			);
			path = "Apple-LLVM";
			sourceTree = "<group>";
		};
		05A5D75A26E20BEB00C9888C /* Language */ = {
			isa = PBXGroup;
			children = (
				05A5D75B26E20BEB00C9888C /* Modules.xcconfig */,
				05A5D75C26E20BEB00C9888C /* Objective-C.xcconfig */,
				05A5D75D26E20BEB00C9888C /* C++.xcconfig */,
			);
			path = Language;
			sourceTree = "<group>";
		};
		05A5D76426E20BEB00C9888C /* Warnings */ = {
			isa = PBXGroup;
			children = (
				05A5D76526E20BEB00C9888C /* Objective-C-ARC.xcconfig */,
				05A5D76626E20BEB00C9888C /* Objective-C.xcconfig */,
				05A5D76726E20BEB00C9888C /* C++.xcconfig */,
				05A5D76826E20BEB00C9888C /* All-Languages.xcconfig */,
			);
			path = Warnings;
			sourceTree = "<group>";
		};
		05A5D76C26E20BEB00C9888C /* Scripts */ = {
			isa = PBXGroup;
			children = (
				05A5D76D26E20BEB00C9888C /* ccache-config.sh */,
				05A5D76E26E20BEB00C9888C /* ccache.sh */,
			);
			path = Scripts;
			sourceTree = "<group>";
		};
/* End PBXGroup section */

/* Begin PBXHeadersBuildPhase section */
		055FD89F26E218B50034048C /* Headers */ = {
			isa = PBXHeadersBuildPhase;
			buildActionMask = 2147483647;
			files = (
				0580509A26E4167B00845F70 /* Credentials.h in Headers */,
				058050A026E4184A00845F70 /* GitKit.h in Headers */,
				0580AA8926E6BFCF00845F70 /* openssl in Headers */,
				0580AA4426E63FA900845F70 /* git2 in Headers */,
				0580AA4526E63FAC00845F70 /* git2.h in Headers */,
				0580AA8A26E6BFDE00845F70 /* libssh2_publickey.h in Headers */,
				0580AA8B26E6BFDE00845F70 /* libssh2_sftp.h in Headers */,
				0580AA8C26E6BFDE00845F70 /* libssh2.h in Headers */,
			);
			runOnlyForDeploymentPostprocessing = 0;
		};
/* End PBXHeadersBuildPhase section */

/* Begin PBXNativeTarget section */
		055FD8A326E218B50034048C /* GitKit */ = {
			isa = PBXNativeTarget;
			buildConfigurationList = 055FD8A926E218B50034048C /* Build configuration list for PBXNativeTarget "GitKit" */;
			buildPhases = (
				055FD89F26E218B50034048C /* Headers */,
				055FD8A026E218B50034048C /* Sources */,
				055FD8A126E218B50034048C /* Frameworks */,
				055FD8A226E218B50034048C /* Resources */,
			);
			buildRules = (
			);
			dependencies = (
			);
			name = GitKit;
			productName = GitKit;
			productReference = 055FD8A426E218B50034048C /* GitKit.framework */;
			productType = "com.apple.product-type.framework";
		};
/* End PBXNativeTarget section */

/* Begin PBXProject section */
		05A5D72326E20B9900C9888C /* Project object */ = {
			isa = PBXProject;
			attributes = {
				LastUpgradeCheck = 1250;
				TargetAttributes = {
					055FD8A326E218B50034048C = {
						CreatedOnToolsVersion = 12.5.1;
						LastSwiftMigration = 1250;
					};
				};
			};
			buildConfigurationList = 05A5D72626E20B9900C9888C /* Build configuration list for PBXProject "GitKit" */;
			compatibilityVersion = "Xcode 9.3";
			developmentRegion = en;
			hasScannedForEncodings = 0;
			knownRegions = (
				en,
				Base,
			);
			mainGroup = 05A5D72226E20B9900C9888C;
			productRefGroup = 05A5D72C26E20B9900C9888C /* Products */;
			projectDirPath = "";
			projectRoot = "";
			targets = (
				055FD8A326E218B50034048C /* GitKit */,
			);
		};
/* End PBXProject section */

/* Begin PBXResourcesBuildPhase section */
		055FD8A226E218B50034048C /* Resources */ = {
			isa = PBXResourcesBuildPhase;
			buildActionMask = 2147483647;
			files = (
			);
			runOnlyForDeploymentPostprocessing = 0;
		};
/* End PBXResourcesBuildPhase section */

/* Begin PBXSourcesBuildPhase section */
		055FD8A026E218B50034048C /* Sources */ = {
			isa = PBXSourcesBuildPhase;
			buildActionMask = 2147483647;
			files = (
				0580507926E2D70B00845F70 /* Commit.swift in Sources */,
				055FD8AF26E21CB30034048C /* Error.swift in Sources */,
				055FD8B126E21F160034048C /* Branch.swift in Sources */,
				055FD8AC26E218BB0034048C /* Repository.swift in Sources */,
				0580508226E3BCDC00845F70 /* Signature.swift in Sources */,
				0580507B26E2D84800845F70 /* Either.swift in Sources */,
				0580509B26E4167B00845F70 /* Credentials.m in Sources */,
				050036D026E8070700143CE6 /* GraphResult.swift in Sources */,
				055FD8B326E221BC0034048C /* Remote.swift in Sources */,
			);
			runOnlyForDeploymentPostprocessing = 0;
		};
/* End PBXSourcesBuildPhase section */

/* Begin XCBuildConfiguration section */
		055FD8AA26E218B50034048C /* Debug */ = {
			isa = XCBuildConfiguration;
			buildSettings = {
				CLANG_ENABLE_MODULES = YES;
				CURRENT_PROJECT_VERSION = 1;
				DEFINES_MODULE = YES;
				DYLIB_COMPATIBILITY_VERSION = 1;
				DYLIB_CURRENT_VERSION = 1;
				DYLIB_INSTALL_NAME_BASE = "@rpath";
				HEADER_SEARCH_PATHS = (
					"$(SRCROOT)/Third-Party/libgit2/include",
					"$(SRCROOT)/Third-Party/openssl/include",
					"$(SRCROOT)/Third-Party/libssh2/include",
					"$(inherited)",
				);
				INFOPLIST_FILE = GitKit/Info.plist;
				LD_RUNPATH_SEARCH_PATHS = (
					"$(inherited)",
					"@executable_path/../Frameworks",
					"@loader_path/Frameworks",
				);
				LIBRARY_SEARCH_PATHS = (
					"$(SRCROOT)/Third-Party/libgit2/lib",
					"$(SRCROOT)/Third-Party/openssl/lib",
					"$(SRCROOT)/Third-Party/libssh2/lib",
					"$(inherited)",
				);
				PRODUCT_BUNDLE_IDENTIFIER = "com.xs-labs.GitKit";
				PRODUCT_NAME = "$(TARGET_NAME:c99extidentifier)";
				SWIFT_INCLUDE_PATHS = "$(SRCROOT)/Third-Party/libgit2 $(inherited)";
				SWIFT_OPTIMIZATION_LEVEL = "-Onone";
				SWIFT_VERSION = 5.0;
				VERSIONING_SYSTEM = "apple-generic";
				VERSION_INFO_PREFIX = "";
			};
			name = Debug;
		};
		055FD8AB26E218B50034048C /* Release */ = {
			isa = XCBuildConfiguration;
			buildSettings = {
				CLANG_ENABLE_MODULES = YES;
				CURRENT_PROJECT_VERSION = 1;
				DEFINES_MODULE = YES;
				DYLIB_COMPATIBILITY_VERSION = 1;
				DYLIB_CURRENT_VERSION = 1;
				DYLIB_INSTALL_NAME_BASE = "@rpath";
				HEADER_SEARCH_PATHS = (
					"$(SRCROOT)/Third-Party/libgit2/include",
					"$(SRCROOT)/Third-Party/openssl/include",
					"$(SRCROOT)/Third-Party/libssh2/include",
					"$(inherited)",
				);
				INFOPLIST_FILE = GitKit/Info.plist;
				LD_RUNPATH_SEARCH_PATHS = (
					"$(inherited)",
					"@executable_path/../Frameworks",
					"@loader_path/Frameworks",
				);
				LIBRARY_SEARCH_PATHS = (
					"$(SRCROOT)/Third-Party/libgit2/lib",
					"$(SRCROOT)/Third-Party/openssl/lib",
					"$(SRCROOT)/Third-Party/libssh2/lib",
					"$(inherited)",
				);
				PRODUCT_BUNDLE_IDENTIFIER = "com.xs-labs.GitKit";
				PRODUCT_NAME = "$(TARGET_NAME:c99extidentifier)";
				SWIFT_INCLUDE_PATHS = "$(SRCROOT)/Third-Party/libgit2 $(inherited)";
				SWIFT_VERSION = 5.0;
				VERSIONING_SYSTEM = "apple-generic";
				VERSION_INFO_PREFIX = "";
			};
			name = Release;
		};
		05A5D73226E20B9900C9888C /* Debug */ = {
			isa = XCBuildConfiguration;
			baseConfigurationReference = 05A5D76A26E20BEB00C9888C /* Debug - Library.xcconfig */;
			buildSettings = {
				MACOSX_DEPLOYMENT_TARGET = 10.13;
			};
			name = Debug;
		};
		05A5D73326E20B9900C9888C /* Release */ = {
			isa = XCBuildConfiguration;
			baseConfigurationReference = 05A5D74226E20BEB00C9888C /* Release - Library.xcconfig */;
			buildSettings = {
				MACOSX_DEPLOYMENT_TARGET = 10.13;
			};
			name = Release;
		};
/* End XCBuildConfiguration section */

/* Begin XCConfigurationList section */
		055FD8A926E218B50034048C /* Build configuration list for PBXNativeTarget "GitKit" */ = {
			isa = XCConfigurationList;
			buildConfigurations = (
				055FD8AA26E218B50034048C /* Debug */,
				055FD8AB26E218B50034048C /* Release */,
			);
			defaultConfigurationIsVisible = 0;
			defaultConfigurationName = Release;
		};
		05A5D72626E20B9900C9888C /* Build configuration list for PBXProject "GitKit" */ = {
			isa = XCConfigurationList;
			buildConfigurations = (
				05A5D73226E20B9900C9888C /* Debug */,
				05A5D73326E20B9900C9888C /* Release */,
			);
			defaultConfigurationIsVisible = 0;
			defaultConfigurationName = Release;
		};
/* End XCConfigurationList section */
	};
	rootObject = 05A5D72326E20B9900C9888C /* Project object */;
}
